// !$*UTF8*$!
{
	archiveVersion = 1;
	classes = {
	};
	objectVersion = 56;
	objects = {

/* Begin PBXBuildFile section */
		58BBEF532BDFAED60088F484 /* Fonts.xcassets in Resources */ = {isa = PBXBuildFile; fileRef = 58BBEF522BDFAED60088F484 /* Fonts.xcassets */; };
		58BBEF562BDFB0950088F484 /* EventCell.swift in Sources */ = {isa = PBXBuildFile; fileRef = 58BBEF552BDFB0950088F484 /* EventCell.swift */; };
		58BBEF592BDFB0A50088F484 /* EventView.swift in Sources */ = {isa = PBXBuildFile; fileRef = 58BBEF582BDFB0A50088F484 /* EventView.swift */; };
		58BBEF5B2BDFDF300088F484 /* TabBarView.swift in Sources */ = {isa = PBXBuildFile; fileRef = 58BBEF5A2BDFDF300088F484 /* TabBarView.swift */; };
		58BBEF5D2BDFE1260088F484 /* SportType+Icon.swift in Sources */ = {isa = PBXBuildFile; fileRef = 58BBEF5C2BDFE1260088F484 /* SportType+Icon.swift */; };
		6C20DAC72BEE7DE3005D29D6 /* CalendarView.swift in Sources */ = {isa = PBXBuildFile; fileRef = 6C20DAC62BEE7DE3005D29D6 /* CalendarView.swift */; };
		6C22611F2C068CE0003C7B69 /* ImageCache.swift in Sources */ = {isa = PBXBuildFile; fileRef = 6C22611E2C068CE0003C7B69 /* ImageCache.swift */; };
		6C3419212BEE71E100FB4EF4 /* CalendarCell.swift in Sources */ = {isa = PBXBuildFile; fileRef = 6C3419202BEE71E100FB4EF4 /* CalendarCell.swift */; };
		6C3419232BEE759C00FB4EF4 /* CalendarViewController.swift in Sources */ = {isa = PBXBuildFile; fileRef = 6C3419222BEE759C00FB4EF4 /* CalendarViewController.swift */; };
		6C3CD6492BEFD4BB00173B60 /* EventDTO.swift in Sources */ = {isa = PBXBuildFile; fileRef = 6C3CD6482BEFD4BB00173B60 /* EventDTO.swift */; };
		6C413D8D2B9744AA00101B18 /* AppDelegate.swift in Sources */ = {isa = PBXBuildFile; fileRef = 6C413D8C2B9744AA00101B18 /* AppDelegate.swift */; };
		6C413D962B9744AC00101B18 /* Assets.xcassets in Resources */ = {isa = PBXBuildFile; fileRef = 6C413D952B9744AC00101B18 /* Assets.xcassets */; };
		6C4213192BCD8F5400B5B6E7 /* Alamofire in Frameworks */ = {isa = PBXBuildFile; productRef = 6C4213182BCD8F5400B5B6E7 /* Alamofire */; };
		6C58C2F82BC41E1A003B3BE7 /* MainViewController.swift in Sources */ = {isa = PBXBuildFile; fileRef = 6C58C2F72BC41E1A003B3BE7 /* MainViewController.swift */; };
		6C58C2FA2BC421C1003B3BE7 /* HeaderView.swift in Sources */ = {isa = PBXBuildFile; fileRef = 6C58C2F92BC421C1003B3BE7 /* HeaderView.swift */; };
		6C58C2FC2BC42F85003B3BE7 /* SettingsViewController.swift in Sources */ = {isa = PBXBuildFile; fileRef = 6C58C2FB2BC42F85003B3BE7 /* SettingsViewController.swift */; };
		6C58C2FE2BC577FD003B3BE7 /* EventDetailsViewController.swift in Sources */ = {isa = PBXBuildFile; fileRef = 6C58C2FD2BC577FD003B3BE7 /* EventDetailsViewController.swift */; };
		6C5B18C12BC7F36E00C10ACE /* TabItemView.swift in Sources */ = {isa = PBXBuildFile; fileRef = 6C5B18C02BC7F36E00C10ACE /* TabItemView.swift */; };
		6C5B18C32BC7F70600C10ACE /* SportType.swift in Sources */ = {isa = PBXBuildFile; fileRef = 6C5B18C22BC7F70600C10ACE /* SportType.swift */; };
		6C5B18C52BC8303600C10ACE /* UIViewController+Extensions.swift in Sources */ = {isa = PBXBuildFile; fileRef = 6C5B18C42BC8303600C10ACE /* UIViewController+Extensions.swift */; };
		6C6100C82C0790FE0049BADB /* LoginViewController.swift in Sources */ = {isa = PBXBuildFile; fileRef = 6C6100C72C0790FE0049BADB /* LoginViewController.swift */; };
		6C6100CA2C07913E0049BADB /* LoginView.swift in Sources */ = {isa = PBXBuildFile; fileRef = 6C6100C92C07913E0049BADB /* LoginView.swift */; };
		6C7961592C08E1870030011F /* KeychainAccess in Frameworks */ = {isa = PBXBuildFile; productRef = 6C7961582C08E1870030011F /* KeychainAccess */; };
		6C79615B2C08E1B10030011F /* String+Extensions.swift in Sources */ = {isa = PBXBuildFile; fileRef = 6C79615A2C08E1B10030011F /* String+Extensions.swift */; };
		6C82FCEE2BA3B6A0009A0927 /* SnapKit in Frameworks */ = {isa = PBXBuildFile; productRef = 6C82FCED2BA3B6A0009A0927 /* SnapKit */; };
		6C82FCF32BA3B713009A0927 /* SofaAcademic in Frameworks */ = {isa = PBXBuildFile; productRef = 6C82FCF22BA3B713009A0927 /* SofaAcademic */; };
		6C82FCF72BA3BA48009A0927 /* LeagueView.swift in Sources */ = {isa = PBXBuildFile; fileRef = 6C82FCF62BA3BA48009A0927 /* LeagueView.swift */; };
		6C8528562BC9A99C00FB3548 /* NetworkController.swift in Sources */ = {isa = PBXBuildFile; fileRef = 6C8528552BC9A99C00FB3548 /* NetworkController.swift */; };
		6C8FF9742BA09FE400BA0F4A /* Team.swift in Sources */ = {isa = PBXBuildFile; fileRef = 6C8FF9732BA09FE400BA0F4A /* Team.swift */; };
		6C8FF9762BA0A0E300BA0F4A /* Match.swift in Sources */ = {isa = PBXBuildFile; fileRef = 6C8FF9752BA0A0E300BA0F4A /* Match.swift */; };
		6C8FF9782BA0A19C00BA0F4A /* Tournament.swift in Sources */ = {isa = PBXBuildFile; fileRef = 6C8FF9772BA0A19C00BA0F4A /* Tournament.swift */; };
		6C8FF97A2BA0A22800BA0F4A /* Country.swift in Sources */ = {isa = PBXBuildFile; fileRef = 6C8FF9792BA0A22800BA0F4A /* Country.swift */; };
		6C98960C2C09DCE40060AAA3 /* SettingsAboutView.swift in Sources */ = {isa = PBXBuildFile; fileRef = 6C98960B2C09DCE40060AAA3 /* SettingsAboutView.swift */; };
		6C98960E2C0A0F060060AAA3 /* NoEventsView.swift in Sources */ = {isa = PBXBuildFile; fileRef = 6C98960D2C0A0F060060AAA3 /* NoEventsView.swift */; };
		6C9BD18D2BCD6E02001996DB /* OldEventDTO.swift in Sources */ = {isa = PBXBuildFile; fileRef = 6C9BD18C2BCD6E02001996DB /* OldEventDTO.swift */; };
		6CA7A64A2BA60EA900D5490A /* CountryAndNameHolderView.swift in Sources */ = {isa = PBXBuildFile; fileRef = 6CA7A6492BA60EA900D5490A /* CountryAndNameHolderView.swift */; };
		6CA7A64C2BA7023300D5490A /* MatchTimeView.swift in Sources */ = {isa = PBXBuildFile; fileRef = 6CA7A64B2BA7023300D5490A /* MatchTimeView.swift */; };
		6CA7A64E2BA708E700D5490A /* TeamView.swift in Sources */ = {isa = PBXBuildFile; fileRef = 6CA7A64D2BA708E700D5490A /* TeamView.swift */; };
		6CC214EB2BAB383B005CEFF6 /* UIKit+Extensions.swift in Sources */ = {isa = PBXBuildFile; fileRef = 6CC214EA2BAB383B005CEFF6 /* UIKit+Extensions.swift */; };
		6CC214ED2BAB3B05005CEFF6 /* MatchStatus.swift in Sources */ = {isa = PBXBuildFile; fileRef = 6CC214EC2BAB3B05005CEFF6 /* MatchStatus.swift */; };
		6CC214EF2BAB5170005CEFF6 /* DateFormatter+Extensions.swift in Sources */ = {isa = PBXBuildFile; fileRef = 6CC214EE2BAB5170005CEFF6 /* DateFormatter+Extensions.swift */; };
		6CC44C7D2BB1819A00EEB5EF /* EventsViewController.swift in Sources */ = {isa = PBXBuildFile; fileRef = 6CC44C7C2BB1819A00EEB5EF /* EventsViewController.swift */; };
		6CD9AB7C2C089837009B97E8 /* AlamofireImage in Frameworks */ = {isa = PBXBuildFile; productRef = 6CD9AB7B2C089837009B97E8 /* AlamofireImage */; settings = {ATTRIBUTES = (Required, ); }; };
		6CEFBDDE2C0A1B4D0000AB16 /* Roboto-Bold.ttf in Resources */ = {isa = PBXBuildFile; fileRef = 6CEFBDDD2C0A1B4D0000AB16 /* Roboto-Bold.ttf */; };
		6CEFBDE02C0A1BA00000AB16 /* Roboto-Regular.ttf in Resources */ = {isa = PBXBuildFile; fileRef = 6CEFBDDF2C0A1B9C0000AB16 /* Roboto-Regular.ttf */; };
		6CEFBDE22C0A1BB20000AB16 /* RobotoCondensed-Regular.ttf in Resources */ = {isa = PBXBuildFile; fileRef = 6CEFBDE12C0A1BB20000AB16 /* RobotoCondensed-Regular.ttf */; };
		6CF25C722C0726E2006AFFF7 /* TournamentCell.swift in Sources */ = {isa = PBXBuildFile; fileRef = 6CF25C712C0726E2006AFFF7 /* TournamentCell.swift */; };
		6CF25C742C0726EA006AFFF7 /* TournamentView.swift in Sources */ = {isa = PBXBuildFile; fileRef = 6CF25C732C0726EA006AFFF7 /* TournamentView.swift */; };
		6CF25C762C074655006AFFF7 /* DayAndEventNumberView.swift in Sources */ = {isa = PBXBuildFile; fileRef = 6CF25C752C074655006AFFF7 /* DayAndEventNumberView.swift */; };
		6CF433A12BC9A75A00532109 /* ApiClient.swift in Sources */ = {isa = PBXBuildFile; fileRef = 6CF433A02BC9A75A00532109 /* ApiClient.swift */; };
/* End PBXBuildFile section */

/* Begin PBXCopyFilesBuildPhase section */
		6CA28D8F2C09D304005BA863 /* Embed Frameworks */ = {
			isa = PBXCopyFilesBuildPhase;
			buildActionMask = 2147483647;
			dstPath = "";
			dstSubfolderSpec = 10;
			files = (
			);
			name = "Embed Frameworks";
			runOnlyForDeploymentPostprocessing = 0;
		};
/* End PBXCopyFilesBuildPhase section */

/* Begin PBXFileReference section */
		58BBEF522BDFAED60088F484 /* Fonts.xcassets */ = {isa = PBXFileReference; lastKnownFileType = folder.assetcatalog; path = Fonts.xcassets; sourceTree = "<group>"; };
		58BBEF552BDFB0950088F484 /* EventCell.swift */ = {isa = PBXFileReference; lastKnownFileType = sourcecode.swift; path = EventCell.swift; sourceTree = "<group>"; };
		58BBEF582BDFB0A50088F484 /* EventView.swift */ = {isa = PBXFileReference; lastKnownFileType = sourcecode.swift; path = EventView.swift; sourceTree = "<group>"; };
		58BBEF5A2BDFDF300088F484 /* TabBarView.swift */ = {isa = PBXFileReference; lastKnownFileType = sourcecode.swift; path = TabBarView.swift; sourceTree = "<group>"; };
		58BBEF5C2BDFE1260088F484 /* SportType+Icon.swift */ = {isa = PBXFileReference; lastKnownFileType = sourcecode.swift; path = "SportType+Icon.swift"; sourceTree = "<group>"; };
		6C20DAC62BEE7DE3005D29D6 /* CalendarView.swift */ = {isa = PBXFileReference; lastKnownFileType = sourcecode.swift; path = CalendarView.swift; sourceTree = "<group>"; };
		6C22611E2C068CE0003C7B69 /* ImageCache.swift */ = {isa = PBXFileReference; lastKnownFileType = sourcecode.swift; path = ImageCache.swift; sourceTree = "<group>"; };
		6C3419202BEE71E100FB4EF4 /* CalendarCell.swift */ = {isa = PBXFileReference; lastKnownFileType = sourcecode.swift; name = CalendarCell.swift; path = SofascoreProject/Cells/CalendarCell.swift; sourceTree = SOURCE_ROOT; };
		6C3419222BEE759C00FB4EF4 /* CalendarViewController.swift */ = {isa = PBXFileReference; lastKnownFileType = sourcecode.swift; path = CalendarViewController.swift; sourceTree = "<group>"; };
		6C3CD6482BEFD4BB00173B60 /* EventDTO.swift */ = {isa = PBXFileReference; lastKnownFileType = sourcecode.swift; path = EventDTO.swift; sourceTree = "<group>"; };
		6C413D892B9744AA00101B18 /* SofascoreProject.app */ = {isa = PBXFileReference; explicitFileType = wrapper.application; includeInIndex = 0; path = SofascoreProject.app; sourceTree = BUILT_PRODUCTS_DIR; };
		6C413D8C2B9744AA00101B18 /* AppDelegate.swift */ = {isa = PBXFileReference; lastKnownFileType = sourcecode.swift; path = AppDelegate.swift; sourceTree = "<group>"; };
		6C413D952B9744AC00101B18 /* Assets.xcassets */ = {isa = PBXFileReference; lastKnownFileType = folder.assetcatalog; path = Assets.xcassets; sourceTree = "<group>"; };
		6C413D9A2B9744AC00101B18 /* Info.plist */ = {isa = PBXFileReference; lastKnownFileType = text.plist.xml; path = Info.plist; sourceTree = "<group>"; };
		6C58C2F72BC41E1A003B3BE7 /* MainViewController.swift */ = {isa = PBXFileReference; lastKnownFileType = sourcecode.swift; path = MainViewController.swift; sourceTree = "<group>"; };
		6C58C2F92BC421C1003B3BE7 /* HeaderView.swift */ = {isa = PBXFileReference; lastKnownFileType = sourcecode.swift; path = HeaderView.swift; sourceTree = "<group>"; };
		6C58C2FB2BC42F85003B3BE7 /* SettingsViewController.swift */ = {isa = PBXFileReference; lastKnownFileType = sourcecode.swift; path = SettingsViewController.swift; sourceTree = "<group>"; };
		6C58C2FD2BC577FD003B3BE7 /* EventDetailsViewController.swift */ = {isa = PBXFileReference; lastKnownFileType = sourcecode.swift; path = EventDetailsViewController.swift; sourceTree = "<group>"; };
		6C5B18C02BC7F36E00C10ACE /* TabItemView.swift */ = {isa = PBXFileReference; lastKnownFileType = sourcecode.swift; path = TabItemView.swift; sourceTree = "<group>"; };
		6C5B18C22BC7F70600C10ACE /* SportType.swift */ = {isa = PBXFileReference; lastKnownFileType = sourcecode.swift; path = SportType.swift; sourceTree = "<group>"; };
		6C5B18C42BC8303600C10ACE /* UIViewController+Extensions.swift */ = {isa = PBXFileReference; lastKnownFileType = sourcecode.swift; path = "UIViewController+Extensions.swift"; sourceTree = "<group>"; };
		6C6100C72C0790FE0049BADB /* LoginViewController.swift */ = {isa = PBXFileReference; lastKnownFileType = sourcecode.swift; path = LoginViewController.swift; sourceTree = "<group>"; };
		6C6100C92C07913E0049BADB /* LoginView.swift */ = {isa = PBXFileReference; lastKnownFileType = sourcecode.swift; path = LoginView.swift; sourceTree = "<group>"; };
		6C79615A2C08E1B10030011F /* String+Extensions.swift */ = {isa = PBXFileReference; lastKnownFileType = sourcecode.swift; path = "String+Extensions.swift"; sourceTree = "<group>"; };
		6C82FCF62BA3BA48009A0927 /* LeagueView.swift */ = {isa = PBXFileReference; lastKnownFileType = sourcecode.swift; path = LeagueView.swift; sourceTree = "<group>"; };
		6C8528552BC9A99C00FB3548 /* NetworkController.swift */ = {isa = PBXFileReference; lastKnownFileType = sourcecode.swift; path = NetworkController.swift; sourceTree = "<group>"; };
		6C8FF9732BA09FE400BA0F4A /* Team.swift */ = {isa = PBXFileReference; lastKnownFileType = sourcecode.swift; path = Team.swift; sourceTree = "<group>"; };
		6C8FF9752BA0A0E300BA0F4A /* Match.swift */ = {isa = PBXFileReference; lastKnownFileType = sourcecode.swift; path = Match.swift; sourceTree = "<group>"; };
		6C8FF9772BA0A19C00BA0F4A /* Tournament.swift */ = {isa = PBXFileReference; lastKnownFileType = sourcecode.swift; path = Tournament.swift; sourceTree = "<group>"; };
		6C8FF9792BA0A22800BA0F4A /* Country.swift */ = {isa = PBXFileReference; lastKnownFileType = sourcecode.swift; path = Country.swift; sourceTree = "<group>"; };
		6C98960B2C09DCE40060AAA3 /* SettingsAboutView.swift */ = {isa = PBXFileReference; lastKnownFileType = sourcecode.swift; path = SettingsAboutView.swift; sourceTree = "<group>"; };
		6C98960D2C0A0F060060AAA3 /* NoEventsView.swift */ = {isa = PBXFileReference; lastKnownFileType = sourcecode.swift; path = NoEventsView.swift; sourceTree = "<group>"; };
		6C9BD18C2BCD6E02001996DB /* OldEventDTO.swift */ = {isa = PBXFileReference; lastKnownFileType = sourcecode.swift; path = OldEventDTO.swift; sourceTree = "<group>"; };
		6CA7A6492BA60EA900D5490A /* CountryAndNameHolderView.swift */ = {isa = PBXFileReference; lastKnownFileType = sourcecode.swift; path = CountryAndNameHolderView.swift; sourceTree = "<group>"; };
		6CA7A64B2BA7023300D5490A /* MatchTimeView.swift */ = {isa = PBXFileReference; lastKnownFileType = sourcecode.swift; path = MatchTimeView.swift; sourceTree = "<group>"; };
		6CA7A64D2BA708E700D5490A /* TeamView.swift */ = {isa = PBXFileReference; lastKnownFileType = sourcecode.swift; path = TeamView.swift; sourceTree = "<group>"; };
		6CC214EA2BAB383B005CEFF6 /* UIKit+Extensions.swift */ = {isa = PBXFileReference; lastKnownFileType = sourcecode.swift; path = "UIKit+Extensions.swift"; sourceTree = "<group>"; };
		6CC214EC2BAB3B05005CEFF6 /* MatchStatus.swift */ = {isa = PBXFileReference; lastKnownFileType = sourcecode.swift; path = MatchStatus.swift; sourceTree = "<group>"; };
		6CC214EE2BAB5170005CEFF6 /* DateFormatter+Extensions.swift */ = {isa = PBXFileReference; lastKnownFileType = sourcecode.swift; path = "DateFormatter+Extensions.swift"; sourceTree = "<group>"; };
		6CC44C7C2BB1819A00EEB5EF /* EventsViewController.swift */ = {isa = PBXFileReference; lastKnownFileType = sourcecode.swift; path = EventsViewController.swift; sourceTree = "<group>"; };
		6CEFBDDD2C0A1B4D0000AB16 /* Roboto-Bold.ttf */ = {isa = PBXFileReference; lastKnownFileType = file; name = "Roboto-Bold.ttf"; path = "Assets.xcassets/Roboto-Bold.dataset/Roboto-Bold.ttf"; sourceTree = "<group>"; };
		6CEFBDDF2C0A1B9C0000AB16 /* Roboto-Regular.ttf */ = {isa = PBXFileReference; lastKnownFileType = file; name = "Roboto-Regular.ttf"; path = "Assets.xcassets/Roboto-Regular.dataset/Roboto-Regular.ttf"; sourceTree = "<group>"; };
		6CEFBDE12C0A1BB20000AB16 /* RobotoCondensed-Regular.ttf */ = {isa = PBXFileReference; lastKnownFileType = file; name = "RobotoCondensed-Regular.ttf"; path = "Assets.xcassets/RobotoCondensed-Regular.dataset/RobotoCondensed-Regular.ttf"; sourceTree = "<group>"; };
		6CF25C712C0726E2006AFFF7 /* TournamentCell.swift */ = {isa = PBXFileReference; lastKnownFileType = sourcecode.swift; path = TournamentCell.swift; sourceTree = "<group>"; };
		6CF25C732C0726EA006AFFF7 /* TournamentView.swift */ = {isa = PBXFileReference; lastKnownFileType = sourcecode.swift; path = TournamentView.swift; sourceTree = "<group>"; };
		6CF25C752C074655006AFFF7 /* DayAndEventNumberView.swift */ = {isa = PBXFileReference; lastKnownFileType = sourcecode.swift; path = DayAndEventNumberView.swift; sourceTree = "<group>"; };
		6CF433A02BC9A75A00532109 /* ApiClient.swift */ = {isa = PBXFileReference; lastKnownFileType = sourcecode.swift; path = ApiClient.swift; sourceTree = "<group>"; };
/* End PBXFileReference section */

/* Begin PBXFrameworksBuildPhase section */
		6C413D862B9744AA00101B18 /* Frameworks */ = {
			isa = PBXFrameworksBuildPhase;
			buildActionMask = 2147483647;
			files = (
				6C82FCEE2BA3B6A0009A0927 /* SnapKit in Frameworks */,
				6C4213192BCD8F5400B5B6E7 /* Alamofire in Frameworks */,
				6C7961592C08E1870030011F /* KeychainAccess in Frameworks */,
				6C82FCF32BA3B713009A0927 /* SofaAcademic in Frameworks */,
				6CD9AB7C2C089837009B97E8 /* AlamofireImage in Frameworks */,
			);
			runOnlyForDeploymentPostprocessing = 0;
		};
/* End PBXFrameworksBuildPhase section */

/* Begin PBXGroup section */
		58BBEF542BDFB08C0088F484 /* Cells */ = {
			isa = PBXGroup;
			children = (
				6C3419202BEE71E100FB4EF4 /* CalendarCell.swift */,
				6C20DAC62BEE7DE3005D29D6 /* CalendarView.swift */,
				58BBEF572BDFB09B0088F484 /* Event */,
			);
			path = Cells;
			sourceTree = "<group>";
		};
		58BBEF572BDFB09B0088F484 /* Event */ = {
			isa = PBXGroup;
			children = (
				58BBEF552BDFB0950088F484 /* EventCell.swift */,
				58BBEF582BDFB0A50088F484 /* EventView.swift */,
				6CF25C712C0726E2006AFFF7 /* TournamentCell.swift */,
				6CF25C732C0726EA006AFFF7 /* TournamentView.swift */,
			);
			path = Event;
			sourceTree = "<group>";
		};
		6C413D802B9744AA00101B18 = {
			isa = PBXGroup;
			children = (
				6C413D8B2B9744AA00101B18 /* SofascoreProject */,
				6C413D8A2B9744AA00101B18 /* Products */,
			);
			sourceTree = "<group>";
		};
		6C413D8A2B9744AA00101B18 /* Products */ = {
			isa = PBXGroup;
			children = (
				6C413D892B9744AA00101B18 /* SofascoreProject.app */,
			);
			name = Products;
			sourceTree = "<group>";
		};
		6C413D8B2B9744AA00101B18 /* SofascoreProject */ = {
			isa = PBXGroup;
			children = (
				6CEFBDE12C0A1BB20000AB16 /* RobotoCondensed-Regular.ttf */,
				6CEFBDDF2C0A1B9C0000AB16 /* Roboto-Regular.ttf */,
				6CEFBDDD2C0A1B4D0000AB16 /* Roboto-Bold.ttf */,
				6C413D9A2B9744AC00101B18 /* Info.plist */,
				6C413D8C2B9744AA00101B18 /* AppDelegate.swift */,
				6CC214EE2BAB5170005CEFF6 /* DateFormatter+Extensions.swift */,
				6C22611E2C068CE0003C7B69 /* ImageCache.swift */,
				6C79615A2C08E1B10030011F /* String+Extensions.swift */,
				6CC214EA2BAB383B005CEFF6 /* UIKit+Extensions.swift */,
				6C5B18C42BC8303600C10ACE /* UIViewController+Extensions.swift */,
				6C413D952B9744AC00101B18 /* Assets.xcassets */,
				58BBEF522BDFAED60088F484 /* Fonts.xcassets */,
				58BBEF542BDFB08C0088F484 /* Cells */,
				6C82FCF42BA3B9E1009A0927 /* Controller */,
				6C8FF9722BA09FB200BA0F4A /* Data */,
				6CF4339F2BC9A75200532109 /* Network */,
				6C82FCF52BA3B9F1009A0927 /* View */,
			);
			path = SofascoreProject;
			sourceTree = "<group>";
		};
		6C82FCF42BA3B9E1009A0927 /* Controller */ = {
			isa = PBXGroup;
			children = (
				6CC44C7C2BB1819A00EEB5EF /* EventsViewController.swift */,
				6C58C2F72BC41E1A003B3BE7 /* MainViewController.swift */,
				6C58C2FB2BC42F85003B3BE7 /* SettingsViewController.swift */,
				6C58C2FD2BC577FD003B3BE7 /* EventDetailsViewController.swift */,
				6C8528552BC9A99C00FB3548 /* NetworkController.swift */,
				6C3419222BEE759C00FB4EF4 /* CalendarViewController.swift */,
				6C6100C72C0790FE0049BADB /* LoginViewController.swift */,
			);
			path = Controller;
			sourceTree = "<group>";
		};
		6C82FCF52BA3B9F1009A0927 /* View */ = {
			isa = PBXGroup;
			children = (
				6C82FCF62BA3BA48009A0927 /* LeagueView.swift */,
				6CA7A6492BA60EA900D5490A /* CountryAndNameHolderView.swift */,
				6CA7A64B2BA7023300D5490A /* MatchTimeView.swift */,
				6CA7A64D2BA708E700D5490A /* TeamView.swift */,
				6C58C2F92BC421C1003B3BE7 /* HeaderView.swift */,
				6C5B18C02BC7F36E00C10ACE /* TabItemView.swift */,
				58BBEF5A2BDFDF300088F484 /* TabBarView.swift */,
				6CF25C752C074655006AFFF7 /* DayAndEventNumberView.swift */,
				6C6100C92C07913E0049BADB /* LoginView.swift */,
				6C98960B2C09DCE40060AAA3 /* SettingsAboutView.swift */,
				6C98960D2C0A0F060060AAA3 /* NoEventsView.swift */,
			);
			path = View;
			sourceTree = "<group>";
		};
		6C8528572BC9AB2300FB3548 /* DTO */ = {
			isa = PBXGroup;
			children = (
				6C9BD18C2BCD6E02001996DB /* OldEventDTO.swift */,
				6C3CD6482BEFD4BB00173B60 /* EventDTO.swift */,
			);
			path = DTO;
			sourceTree = "<group>";
		};
		6C8FF9722BA09FB200BA0F4A /* Data */ = {
			isa = PBXGroup;
			children = (
				6C8528572BC9AB2300FB3548 /* DTO */,
				6C8FF9732BA09FE400BA0F4A /* Team.swift */,
				6C8FF9752BA0A0E300BA0F4A /* Match.swift */,
				6C8FF9772BA0A19C00BA0F4A /* Tournament.swift */,
				6C8FF9792BA0A22800BA0F4A /* Country.swift */,
				6CC214EC2BAB3B05005CEFF6 /* MatchStatus.swift */,
				6C5B18C22BC7F70600C10ACE /* SportType.swift */,
				58BBEF5C2BDFE1260088F484 /* SportType+Icon.swift */,
			);
			path = Data;
			sourceTree = "<group>";
		};
		6CF4339F2BC9A75200532109 /* Network */ = {
			isa = PBXGroup;
			children = (
				6CF433A02BC9A75A00532109 /* ApiClient.swift */,
			);
			path = Network;
			sourceTree = "<group>";
		};
/* End PBXGroup section */

/* Begin PBXNativeTarget section */
		6C413D882B9744AA00101B18 /* SofascoreProject */ = {
			isa = PBXNativeTarget;
			buildConfigurationList = 6C413D9D2B9744AC00101B18 /* Build configuration list for PBXNativeTarget "SofascoreProject" */;
			buildPhases = (
				6C413D852B9744AA00101B18 /* Sources */,
				6C413D862B9744AA00101B18 /* Frameworks */,
				6C413D872B9744AA00101B18 /* Resources */,
				6CA28D8F2C09D304005BA863 /* Embed Frameworks */,
			);
			buildRules = (
			);
			dependencies = (
			);
			name = SofascoreProject;
			packageProductDependencies = (
				6C82FCED2BA3B6A0009A0927 /* SnapKit */,
				6C82FCF22BA3B713009A0927 /* SofaAcademic */,
				6C4213182BCD8F5400B5B6E7 /* Alamofire */,
				6CD9AB7B2C089837009B97E8 /* AlamofireImage */,
				6C7961582C08E1870030011F /* KeychainAccess */,
			);
			productName = SofascoreProject;
			productReference = 6C413D892B9744AA00101B18 /* SofascoreProject.app */;
			productType = "com.apple.product-type.application";
		};
/* End PBXNativeTarget section */

/* Begin PBXProject section */
		6C413D812B9744AA00101B18 /* Project object */ = {
			isa = PBXProject;
			attributes = {
				BuildIndependentTargetsInParallel = 1;
				LastSwiftUpdateCheck = 1520;
				LastUpgradeCheck = 1520;
				TargetAttributes = {
					6C413D882B9744AA00101B18 = {
						CreatedOnToolsVersion = 15.2;
					};
				};
			};
			buildConfigurationList = 6C413D842B9744AA00101B18 /* Build configuration list for PBXProject "SofascoreProject" */;
			compatibilityVersion = "Xcode 14.0";
			developmentRegion = en;
			hasScannedForEncodings = 0;
			knownRegions = (
				en,
				Base,
			);
			mainGroup = 6C413D802B9744AA00101B18;
			packageReferences = (
				6C82FCEC2BA3B6A0009A0927 /* XCRemoteSwiftPackageReference "SnapKit" */,
				6C82FCF12BA3B713009A0927 /* XCRemoteSwiftPackageReference "academy" */,
				6C4213172BCD8F5400B5B6E7 /* XCRemoteSwiftPackageReference "Alamofire" */,
				6CD9AB7A2C089837009B97E8 /* XCRemoteSwiftPackageReference "AlamofireImage" */,
				6C7961572C08E1870030011F /* XCRemoteSwiftPackageReference "KeychainAccess" */,
			);
			productRefGroup = 6C413D8A2B9744AA00101B18 /* Products */;
			projectDirPath = "";
			projectRoot = "";
			targets = (
				6C413D882B9744AA00101B18 /* SofascoreProject */,
			);
		};
/* End PBXProject section */

/* Begin PBXResourcesBuildPhase section */
		6C413D872B9744AA00101B18 /* Resources */ = {
			isa = PBXResourcesBuildPhase;
			buildActionMask = 2147483647;
			files = (
				58BBEF532BDFAED60088F484 /* Fonts.xcassets in Resources */,
				6C413D962B9744AC00101B18 /* Assets.xcassets in Resources */,
				6CEFBDE02C0A1BA00000AB16 /* Roboto-Regular.ttf in Resources */,
				6CEFBDE22C0A1BB20000AB16 /* RobotoCondensed-Regular.ttf in Resources */,
				6CEFBDDE2C0A1B4D0000AB16 /* Roboto-Bold.ttf in Resources */,
			);
			runOnlyForDeploymentPostprocessing = 0;
		};
/* End PBXResourcesBuildPhase section */

/* Begin PBXSourcesBuildPhase section */
		6C413D852B9744AA00101B18 /* Sources */ = {
			isa = PBXSourcesBuildPhase;
			buildActionMask = 2147483647;
			files = (
				6C98960C2C09DCE40060AAA3 /* SettingsAboutView.swift in Sources */,
				6C6100C82C0790FE0049BADB /* LoginViewController.swift in Sources */,
				6CA7A64E2BA708E700D5490A /* TeamView.swift in Sources */,
				6C58C2FA2BC421C1003B3BE7 /* HeaderView.swift in Sources */,
				6C22611F2C068CE0003C7B69 /* ImageCache.swift in Sources */,
				58BBEF5B2BDFDF300088F484 /* TabBarView.swift in Sources */,
				6CF25C722C0726E2006AFFF7 /* TournamentCell.swift in Sources */,
				6C8FF97A2BA0A22800BA0F4A /* Country.swift in Sources */,
				6C8FF9782BA0A19C00BA0F4A /* Tournament.swift in Sources */,
				6C5B18C52BC8303600C10ACE /* UIViewController+Extensions.swift in Sources */,
				6C8528562BC9A99C00FB3548 /* NetworkController.swift in Sources */,
				6CA7A64C2BA7023300D5490A /* MatchTimeView.swift in Sources */,
				58BBEF5D2BDFE1260088F484 /* SportType+Icon.swift in Sources */,
				6C58C2FC2BC42F85003B3BE7 /* SettingsViewController.swift in Sources */,
				6C6100CA2C07913E0049BADB /* LoginView.swift in Sources */,
				6CA7A64A2BA60EA900D5490A /* CountryAndNameHolderView.swift in Sources */,
				58BBEF562BDFB0950088F484 /* EventCell.swift in Sources */,
				6CF25C762C074655006AFFF7 /* DayAndEventNumberView.swift in Sources */,
				6C9BD18D2BCD6E02001996DB /* OldEventDTO.swift in Sources */,
				6CC214ED2BAB3B05005CEFF6 /* MatchStatus.swift in Sources */,
				6C58C2F82BC41E1A003B3BE7 /* MainViewController.swift in Sources */,
				6C3419212BEE71E100FB4EF4 /* CalendarCell.swift in Sources */,
				6CF433A12BC9A75A00532109 /* ApiClient.swift in Sources */,
				58BBEF592BDFB0A50088F484 /* EventView.swift in Sources */,
				6C5B18C12BC7F36E00C10ACE /* TabItemView.swift in Sources */,
				6C8FF9742BA09FE400BA0F4A /* Team.swift in Sources */,
				6C20DAC72BEE7DE3005D29D6 /* CalendarView.swift in Sources */,
				6CF25C742C0726EA006AFFF7 /* TournamentView.swift in Sources */,
				6C413D8D2B9744AA00101B18 /* AppDelegate.swift in Sources */,
				6CC214EF2BAB5170005CEFF6 /* DateFormatter+Extensions.swift in Sources */,
				6C5B18C32BC7F70600C10ACE /* SportType.swift in Sources */,
				6CC214EB2BAB383B005CEFF6 /* UIKit+Extensions.swift in Sources */,
				6C58C2FE2BC577FD003B3BE7 /* EventDetailsViewController.swift in Sources */,
				6C79615B2C08E1B10030011F /* String+Extensions.swift in Sources */,
				6C98960E2C0A0F060060AAA3 /* NoEventsView.swift in Sources */,
				6C82FCF72BA3BA48009A0927 /* LeagueView.swift in Sources */,
				6C8FF9762BA0A0E300BA0F4A /* Match.swift in Sources */,
				6CC44C7D2BB1819A00EEB5EF /* EventsViewController.swift in Sources */,
				6C3419232BEE759C00FB4EF4 /* CalendarViewController.swift in Sources */,
				6C3CD6492BEFD4BB00173B60 /* EventDTO.swift in Sources */,
			);
			runOnlyForDeploymentPostprocessing = 0;
		};
/* End PBXSourcesBuildPhase section */

/* Begin XCBuildConfiguration section */
		6C413D9B2B9744AC00101B18 /* Debug */ = {
			isa = XCBuildConfiguration;
			buildSettings = {
				ALWAYS_SEARCH_USER_PATHS = NO;
				ASSETCATALOG_COMPILER_GENERATE_SWIFT_ASSET_SYMBOL_EXTENSIONS = YES;
				CLANG_ANALYZER_NONNULL = YES;
				CLANG_ANALYZER_NUMBER_OBJECT_CONVERSION = YES_AGGRESSIVE;
				CLANG_CXX_LANGUAGE_STANDARD = "gnu++20";
				CLANG_ENABLE_MODULES = YES;
				CLANG_ENABLE_OBJC_ARC = YES;
				CLANG_ENABLE_OBJC_WEAK = YES;
				CLANG_WARN_BLOCK_CAPTURE_AUTORELEASING = YES;
				CLANG_WARN_BOOL_CONVERSION = YES;
				CLANG_WARN_COMMA = YES;
				CLANG_WARN_CONSTANT_CONVERSION = YES;
				CLANG_WARN_DEPRECATED_OBJC_IMPLEMENTATIONS = YES;
				CLANG_WARN_DIRECT_OBJC_ISA_USAGE = YES_ERROR;
				CLANG_WARN_DOCUMENTATION_COMMENTS = YES;
				CLANG_WARN_EMPTY_BODY = YES;
				CLANG_WARN_ENUM_CONVERSION = YES;
				CLANG_WARN_INFINITE_RECURSION = YES;
				CLANG_WARN_INT_CONVERSION = YES;
				CLANG_WARN_NON_LITERAL_NULL_CONVERSION = YES;
				CLANG_WARN_OBJC_IMPLICIT_RETAIN_SELF = YES;
				CLANG_WARN_OBJC_LITERAL_CONVERSION = YES;
				CLANG_WARN_OBJC_ROOT_CLASS = YES_ERROR;
				CLANG_WARN_QUOTED_INCLUDE_IN_FRAMEWORK_HEADER = YES;
				CLANG_WARN_RANGE_LOOP_ANALYSIS = YES;
				CLANG_WARN_STRICT_PROTOTYPES = YES;
				CLANG_WARN_SUSPICIOUS_MOVE = YES;
				CLANG_WARN_UNGUARDED_AVAILABILITY = YES_AGGRESSIVE;
				CLANG_WARN_UNREACHABLE_CODE = YES;
				CLANG_WARN__DUPLICATE_METHOD_MATCH = YES;
				COPY_PHASE_STRIP = NO;
				DEBUG_INFORMATION_FORMAT = dwarf;
				ENABLE_STRICT_OBJC_MSGSEND = YES;
				ENABLE_TESTABILITY = YES;
				ENABLE_USER_SCRIPT_SANDBOXING = YES;
				GCC_C_LANGUAGE_STANDARD = gnu17;
				GCC_DYNAMIC_NO_PIC = NO;
				GCC_NO_COMMON_BLOCKS = YES;
				GCC_OPTIMIZATION_LEVEL = 0;
				GCC_PREPROCESSOR_DEFINITIONS = (
					"DEBUG=1",
					"$(inherited)",
				);
				GCC_WARN_64_TO_32_BIT_CONVERSION = YES;
				GCC_WARN_ABOUT_RETURN_TYPE = YES_ERROR;
				GCC_WARN_UNDECLARED_SELECTOR = YES;
				GCC_WARN_UNINITIALIZED_AUTOS = YES_AGGRESSIVE;
				GCC_WARN_UNUSED_FUNCTION = YES;
				GCC_WARN_UNUSED_VARIABLE = YES;
				IPHONEOS_DEPLOYMENT_TARGET = 17.2;
				LOCALIZATION_PREFERS_STRING_CATALOGS = YES;
				MTL_ENABLE_DEBUG_INFO = INCLUDE_SOURCE;
				MTL_FAST_MATH = YES;
				ONLY_ACTIVE_ARCH = YES;
				SDKROOT = iphoneos;
				SWIFT_ACTIVE_COMPILATION_CONDITIONS = "DEBUG $(inherited)";
				SWIFT_OPTIMIZATION_LEVEL = "-Onone";
			};
			name = Debug;
		};
		6C413D9C2B9744AC00101B18 /* Release */ = {
			isa = XCBuildConfiguration;
			buildSettings = {
				ALWAYS_SEARCH_USER_PATHS = NO;
				ASSETCATALOG_COMPILER_GENERATE_SWIFT_ASSET_SYMBOL_EXTENSIONS = YES;
				CLANG_ANALYZER_NONNULL = YES;
				CLANG_ANALYZER_NUMBER_OBJECT_CONVERSION = YES_AGGRESSIVE;
				CLANG_CXX_LANGUAGE_STANDARD = "gnu++20";
				CLANG_ENABLE_MODULES = YES;
				CLANG_ENABLE_OBJC_ARC = YES;
				CLANG_ENABLE_OBJC_WEAK = YES;
				CLANG_WARN_BLOCK_CAPTURE_AUTORELEASING = YES;
				CLANG_WARN_BOOL_CONVERSION = YES;
				CLANG_WARN_COMMA = YES;
				CLANG_WARN_CONSTANT_CONVERSION = YES;
				CLANG_WARN_DEPRECATED_OBJC_IMPLEMENTATIONS = YES;
				CLANG_WARN_DIRECT_OBJC_ISA_USAGE = YES_ERROR;
				CLANG_WARN_DOCUMENTATION_COMMENTS = YES;
				CLANG_WARN_EMPTY_BODY = YES;
				CLANG_WARN_ENUM_CONVERSION = YES;
				CLANG_WARN_INFINITE_RECURSION = YES;
				CLANG_WARN_INT_CONVERSION = YES;
				CLANG_WARN_NON_LITERAL_NULL_CONVERSION = YES;
				CLANG_WARN_OBJC_IMPLICIT_RETAIN_SELF = YES;
				CLANG_WARN_OBJC_LITERAL_CONVERSION = YES;
				CLANG_WARN_OBJC_ROOT_CLASS = YES_ERROR;
				CLANG_WARN_QUOTED_INCLUDE_IN_FRAMEWORK_HEADER = YES;
				CLANG_WARN_RANGE_LOOP_ANALYSIS = YES;
				CLANG_WARN_STRICT_PROTOTYPES = YES;
				CLANG_WARN_SUSPICIOUS_MOVE = YES;
				CLANG_WARN_UNGUARDED_AVAILABILITY = YES_AGGRESSIVE;
				CLANG_WARN_UNREACHABLE_CODE = YES;
				CLANG_WARN__DUPLICATE_METHOD_MATCH = YES;
				COPY_PHASE_STRIP = NO;
				DEBUG_INFORMATION_FORMAT = "dwarf-with-dsym";
				ENABLE_NS_ASSERTIONS = NO;
				ENABLE_STRICT_OBJC_MSGSEND = YES;
				ENABLE_USER_SCRIPT_SANDBOXING = YES;
				GCC_C_LANGUAGE_STANDARD = gnu17;
				GCC_NO_COMMON_BLOCKS = YES;
				GCC_WARN_64_TO_32_BIT_CONVERSION = YES;
				GCC_WARN_ABOUT_RETURN_TYPE = YES_ERROR;
				GCC_WARN_UNDECLARED_SELECTOR = YES;
				GCC_WARN_UNINITIALIZED_AUTOS = YES_AGGRESSIVE;
				GCC_WARN_UNUSED_FUNCTION = YES;
				GCC_WARN_UNUSED_VARIABLE = YES;
				IPHONEOS_DEPLOYMENT_TARGET = 17.2;
				LOCALIZATION_PREFERS_STRING_CATALOGS = YES;
				MTL_ENABLE_DEBUG_INFO = NO;
				MTL_FAST_MATH = YES;
				SDKROOT = iphoneos;
				SWIFT_COMPILATION_MODE = wholemodule;
				VALIDATE_PRODUCT = YES;
			};
			name = Release;
		};
		6C413D9E2B9744AC00101B18 /* Debug */ = {
			isa = XCBuildConfiguration;
			buildSettings = {
				ASSETCATALOG_COMPILER_APPICON_NAME = AppIcon;
				ASSETCATALOG_COMPILER_GLOBAL_ACCENT_COLOR_NAME = AccentColor;
				CODE_SIGN_IDENTITY = "Apple Development";
				CODE_SIGN_STYLE = Automatic;
				CURRENT_PROJECT_VERSION = 1;
				DEVELOPMENT_TEAM = 2FLTYUS2MZ;
				GENERATE_INFOPLIST_FILE = YES;
				INFOPLIST_FILE = SofascoreProject/Info.plist;
				INFOPLIST_KEY_UIApplicationSupportsIndirectInputEvents = YES;
				INFOPLIST_KEY_UILaunchStoryboardName = LaunchScreen;
				INFOPLIST_KEY_UIStatusBarStyle = "";
				INFOPLIST_KEY_UISupportedInterfaceOrientations_iPad = "UIInterfaceOrientationPortrait UIInterfaceOrientationPortraitUpsideDown UIInterfaceOrientationLandscapeLeft UIInterfaceOrientationLandscapeRight";
				INFOPLIST_KEY_UISupportedInterfaceOrientations_iPhone = "UIInterfaceOrientationPortrait UIInterfaceOrientationLandscapeLeft UIInterfaceOrientationLandscapeRight";
				IPHONEOS_DEPLOYMENT_TARGET = 17.0;
				LD_RUNPATH_SEARCH_PATHS = (
					"$(inherited)",
					"@executable_path/Frameworks",
				);
				MARKETING_VERSION = 1.0;
				PRODUCT_BUNDLE_IDENTIFIER = com.svenleko.SofascoreProject;
				PRODUCT_NAME = "$(TARGET_NAME)";
				PROVISIONING_PROFILE_SPECIFIER = "";
				SUPPORTED_PLATFORMS = "iphoneos iphonesimulator";
				SUPPORTS_MACCATALYST = NO;
				SUPPORTS_MAC_DESIGNED_FOR_IPHONE_IPAD = NO;
				SWIFT_EMIT_LOC_STRINGS = YES;
				SWIFT_VERSION = 5.0;
				TARGETED_DEVICE_FAMILY = "1,2";
			};
			name = Debug;
		};
		6C413D9F2B9744AC00101B18 /* Release */ = {
			isa = XCBuildConfiguration;
			buildSettings = {
				ASSETCATALOG_COMPILER_APPICON_NAME = AppIcon;
				ASSETCATALOG_COMPILER_GLOBAL_ACCENT_COLOR_NAME = AccentColor;
				CODE_SIGN_IDENTITY = "Apple Development";
				CODE_SIGN_STYLE = Automatic;
				CURRENT_PROJECT_VERSION = 1;
				DEVELOPMENT_TEAM = 2FLTYUS2MZ;
				GENERATE_INFOPLIST_FILE = YES;
				INFOPLIST_FILE = SofascoreProject/Info.plist;
				INFOPLIST_KEY_UIApplicationSupportsIndirectInputEvents = YES;
				INFOPLIST_KEY_UILaunchStoryboardName = LaunchScreen;
				INFOPLIST_KEY_UIStatusBarStyle = "";
				INFOPLIST_KEY_UISupportedInterfaceOrientations_iPad = "UIInterfaceOrientationPortrait UIInterfaceOrientationPortraitUpsideDown UIInterfaceOrientationLandscapeLeft UIInterfaceOrientationLandscapeRight";
				INFOPLIST_KEY_UISupportedInterfaceOrientations_iPhone = "UIInterfaceOrientationPortrait UIInterfaceOrientationLandscapeLeft UIInterfaceOrientationLandscapeRight";
				IPHONEOS_DEPLOYMENT_TARGET = 17.0;
				LD_RUNPATH_SEARCH_PATHS = (
					"$(inherited)",
					"@executable_path/Frameworks",
				);
				MARKETING_VERSION = 1.0;
				PRODUCT_BUNDLE_IDENTIFIER = com.svenleko.SofascoreProject;
				PRODUCT_NAME = "$(TARGET_NAME)";
				PROVISIONING_PROFILE_SPECIFIER = "";
				SUPPORTED_PLATFORMS = "iphoneos iphonesimulator";
				SUPPORTS_MACCATALYST = NO;
				SUPPORTS_MAC_DESIGNED_FOR_IPHONE_IPAD = NO;
				SWIFT_EMIT_LOC_STRINGS = YES;
				SWIFT_VERSION = 5.0;
				TARGETED_DEVICE_FAMILY = "1,2";
			};
			name = Release;
		};
/* End XCBuildConfiguration section */

/* Begin XCConfigurationList section */
		6C413D842B9744AA00101B18 /* Build configuration list for PBXProject "SofascoreProject" */ = {
			isa = XCConfigurationList;
			buildConfigurations = (
				6C413D9B2B9744AC00101B18 /* Debug */,
				6C413D9C2B9744AC00101B18 /* Release */,
			);
			defaultConfigurationIsVisible = 0;
			defaultConfigurationName = Release;
		};
		6C413D9D2B9744AC00101B18 /* Build configuration list for PBXNativeTarget "SofascoreProject" */ = {
			isa = XCConfigurationList;
			buildConfigurations = (
				6C413D9E2B9744AC00101B18 /* Debug */,
				6C413D9F2B9744AC00101B18 /* Release */,
			);
			defaultConfigurationIsVisible = 0;
			defaultConfigurationName = Release;
		};
/* End XCConfigurationList section */

/* Begin XCRemoteSwiftPackageReference section */
		6C4213172BCD8F5400B5B6E7 /* XCRemoteSwiftPackageReference "Alamofire" */ = {
			isa = XCRemoteSwiftPackageReference;
			repositoryURL = "https://github.com/Alamofire/Alamofire.git";
			requirement = {
				kind = upToNextMajorVersion;
				minimumVersion = 5.9.1;
			};
		};
		6C7961572C08E1870030011F /* XCRemoteSwiftPackageReference "KeychainAccess" */ = {
			isa = XCRemoteSwiftPackageReference;
			repositoryURL = "https://github.com/kishikawakatsumi/KeychainAccess";
			requirement = {
				branch = master;
				kind = branch;
			};
		};
		6C82FCEC2BA3B6A0009A0927 /* XCRemoteSwiftPackageReference "SnapKit" */ = {
			isa = XCRemoteSwiftPackageReference;
			repositoryURL = "https://github.com/SnapKit/SnapKit";
			requirement = {
				kind = upToNextMajorVersion;
				minimumVersion = 5.7.1;
			};
		};
		6C82FCF12BA3B713009A0927 /* XCRemoteSwiftPackageReference "academy" */ = {
			isa = XCRemoteSwiftPackageReference;
			repositoryURL = "https://github.com/sofascore/academy";
			requirement = {
				branch = master;
				kind = branch;
			};
		};
		6CD9AB7A2C089837009B97E8 /* XCRemoteSwiftPackageReference "AlamofireImage" */ = {
			isa = XCRemoteSwiftPackageReference;
			repositoryURL = "https://github.com/Alamofire/AlamofireImage";
			requirement = {
				kind = upToNextMajorVersion;
				minimumVersion = 4.3.0;
			};
		};
/* End XCRemoteSwiftPackageReference section */

/* Begin XCSwiftPackageProductDependency section */
		6C4213182BCD8F5400B5B6E7 /* Alamofire */ = {
			isa = XCSwiftPackageProductDependency;
			package = 6C4213172BCD8F5400B5B6E7 /* XCRemoteSwiftPackageReference "Alamofire" */;
			productName = Alamofire;
		};
		6C7961582C08E1870030011F /* KeychainAccess */ = {
			isa = XCSwiftPackageProductDependency;
			package = 6C7961572C08E1870030011F /* XCRemoteSwiftPackageReference "KeychainAccess" */;
			productName = KeychainAccess;
		};
		6C82FCED2BA3B6A0009A0927 /* SnapKit */ = {
			isa = XCSwiftPackageProductDependency;
			package = 6C82FCEC2BA3B6A0009A0927 /* XCRemoteSwiftPackageReference "SnapKit" */;
			productName = SnapKit;
		};
		6C82FCF22BA3B713009A0927 /* SofaAcademic */ = {
			isa = XCSwiftPackageProductDependency;
			package = 6C82FCF12BA3B713009A0927 /* XCRemoteSwiftPackageReference "academy" */;
			productName = SofaAcademic;
		};
		6CD9AB7B2C089837009B97E8 /* AlamofireImage */ = {
			isa = XCSwiftPackageProductDependency;
			package = 6CD9AB7A2C089837009B97E8 /* XCRemoteSwiftPackageReference "AlamofireImage" */;
			productName = AlamofireImage;
		};
/* End XCSwiftPackageProductDependency section */
	};
	rootObject = 6C413D812B9744AA00101B18 /* Project object */;
}
