// !$*UTF8*$!
{
	archiveVersion = 1;
	classes = {
	};
	objectVersion = 56;
	objects = {

/* Begin PBXBuildFile section */
		6C413D8D2B9744AA00101B18 /* AppDelegate.swift in Sources */ = {isa = PBXBuildFile; fileRef = 6C413D8C2B9744AA00101B18 /* AppDelegate.swift */; };
		6C413D912B9744AB00101B18 /* ViewController.swift in Sources */ = {isa = PBXBuildFile; fileRef = 6C413D902B9744AB00101B18 /* ViewController.swift */; };
		6C413D962B9744AC00101B18 /* Assets.xcassets in Resources */ = {isa = PBXBuildFile; fileRef = 6C413D952B9744AC00101B18 /* Assets.xcassets */; };
		6C82FCEE2BA3B6A0009A0927 /* SnapKit in Frameworks */ = {isa = PBXBuildFile; productRef = 6C82FCED2BA3B6A0009A0927 /* SnapKit */; };
		6C82FCF02BA3B6A0009A0927 /* SnapKit-Dynamic in Frameworks */ = {isa = PBXBuildFile; productRef = 6C82FCEF2BA3B6A0009A0927 /* SnapKit-Dynamic */; };
		6C82FCF32BA3B713009A0927 /* SofaAcademic in Frameworks */ = {isa = PBXBuildFile; productRef = 6C82FCF22BA3B713009A0927 /* SofaAcademic */; };
		6C82FCF72BA3BA48009A0927 /* LeagueView.swift in Sources */ = {isa = PBXBuildFile; fileRef = 6C82FCF62BA3BA48009A0927 /* LeagueView.swift */; };
		6C8FF9742BA09FE400BA0F4A /* Team.swift in Sources */ = {isa = PBXBuildFile; fileRef = 6C8FF9732BA09FE400BA0F4A /* Team.swift */; };
		6C8FF9762BA0A0E300BA0F4A /* Match.swift in Sources */ = {isa = PBXBuildFile; fileRef = 6C8FF9752BA0A0E300BA0F4A /* Match.swift */; };
		6C8FF9782BA0A19C00BA0F4A /* Tournament.swift in Sources */ = {isa = PBXBuildFile; fileRef = 6C8FF9772BA0A19C00BA0F4A /* Tournament.swift */; };
		6C8FF97A2BA0A22800BA0F4A /* Country.swift in Sources */ = {isa = PBXBuildFile; fileRef = 6C8FF9792BA0A22800BA0F4A /* Country.swift */; };
		6CA7A64A2BA60EA900D5490A /* CountryAndNameHolderView.swift in Sources */ = {isa = PBXBuildFile; fileRef = 6CA7A6492BA60EA900D5490A /* CountryAndNameHolderView.swift */; };
		6CA7A64C2BA7023300D5490A /* MatchTimeView.swift in Sources */ = {isa = PBXBuildFile; fileRef = 6CA7A64B2BA7023300D5490A /* MatchTimeView.swift */; };
		6CA7A64E2BA708E700D5490A /* TeamView.swift in Sources */ = {isa = PBXBuildFile; fileRef = 6CA7A64D2BA708E700D5490A /* TeamView.swift */; };
		6CA7A6502BA717FF00D5490A /* ScoreView.swift in Sources */ = {isa = PBXBuildFile; fileRef = 6CA7A64F2BA717FF00D5490A /* ScoreView.swift */; };
		6CA7A6582BA72D8C00D5490A /* Roboto-Regular.ttf in Resources */ = {isa = PBXBuildFile; fileRef = 6CA7A6552BA72D8C00D5490A /* Roboto-Regular.ttf */; };
		6CA7A6592BA72D8C00D5490A /* RobotoCondensed-Regular.ttf in Resources */ = {isa = PBXBuildFile; fileRef = 6CA7A6562BA72D8C00D5490A /* RobotoCondensed-Regular.ttf */; };
		6CA7A65A2BA72D8C00D5490A /* Roboto-Bold.ttf in Resources */ = {isa = PBXBuildFile; fileRef = 6CA7A6572BA72D8C00D5490A /* Roboto-Bold.ttf */; };
		6CC214EB2BAB383B005CEFF6 /* UIKit+Extensions.swift in Sources */ = {isa = PBXBuildFile; fileRef = 6CC214EA2BAB383B005CEFF6 /* UIKit+Extensions.swift */; };
		6CC214ED2BAB3B05005CEFF6 /* MatchStatus.swift in Sources */ = {isa = PBXBuildFile; fileRef = 6CC214EC2BAB3B05005CEFF6 /* MatchStatus.swift */; };
		6CC214EF2BAB5170005CEFF6 /* DateFormatter+Extensions.swift in Sources */ = {isa = PBXBuildFile; fileRef = 6CC214EE2BAB5170005CEFF6 /* DateFormatter+Extensions.swift */; };
		6CC44C7D2BB1819A00EEB5EF /* EventsViewController.swift in Sources */ = {isa = PBXBuildFile; fileRef = 6CC44C7C2BB1819A00EEB5EF /* EventsViewController.swift */; };
		6CC44C7F2BB1844E00EEB5EF /* EventCell.swift in Sources */ = {isa = PBXBuildFile; fileRef = 6CC44C7E2BB1844E00EEB5EF /* EventCell.swift */; };
/* End PBXBuildFile section */

/* Begin PBXFileReference section */
		6C413D892B9744AA00101B18 /* SofascoreProject.app */ = {isa = PBXFileReference; explicitFileType = wrapper.application; includeInIndex = 0; path = SofascoreProject.app; sourceTree = BUILT_PRODUCTS_DIR; };
		6C413D8C2B9744AA00101B18 /* AppDelegate.swift */ = {isa = PBXFileReference; lastKnownFileType = sourcecode.swift; path = AppDelegate.swift; sourceTree = "<group>"; };
		6C413D902B9744AB00101B18 /* ViewController.swift */ = {isa = PBXFileReference; lastKnownFileType = sourcecode.swift; path = ViewController.swift; sourceTree = "<group>"; };
		6C413D952B9744AC00101B18 /* Assets.xcassets */ = {isa = PBXFileReference; lastKnownFileType = folder.assetcatalog; path = Assets.xcassets; sourceTree = "<group>"; };
		6C413D9A2B9744AC00101B18 /* Info.plist */ = {isa = PBXFileReference; lastKnownFileType = text.plist.xml; path = Info.plist; sourceTree = "<group>"; };
		6C82FCF62BA3BA48009A0927 /* LeagueView.swift */ = {isa = PBXFileReference; lastKnownFileType = sourcecode.swift; path = LeagueView.swift; sourceTree = "<group>"; };
		6C8FF9732BA09FE400BA0F4A /* Team.swift */ = {isa = PBXFileReference; lastKnownFileType = sourcecode.swift; path = Team.swift; sourceTree = "<group>"; };
		6C8FF9752BA0A0E300BA0F4A /* Match.swift */ = {isa = PBXFileReference; lastKnownFileType = sourcecode.swift; path = Match.swift; sourceTree = "<group>"; };
		6C8FF9772BA0A19C00BA0F4A /* Tournament.swift */ = {isa = PBXFileReference; lastKnownFileType = sourcecode.swift; path = Tournament.swift; sourceTree = "<group>"; };
		6C8FF9792BA0A22800BA0F4A /* Country.swift */ = {isa = PBXFileReference; lastKnownFileType = sourcecode.swift; path = Country.swift; sourceTree = "<group>"; };
		6CA7A6492BA60EA900D5490A /* CountryAndNameHolderView.swift */ = {isa = PBXFileReference; lastKnownFileType = sourcecode.swift; path = CountryAndNameHolderView.swift; sourceTree = "<group>"; };
		6CA7A64B2BA7023300D5490A /* MatchTimeView.swift */ = {isa = PBXFileReference; lastKnownFileType = sourcecode.swift; path = MatchTimeView.swift; sourceTree = "<group>"; };
		6CA7A64D2BA708E700D5490A /* TeamView.swift */ = {isa = PBXFileReference; lastKnownFileType = sourcecode.swift; path = TeamView.swift; sourceTree = "<group>"; };
		6CA7A64F2BA717FF00D5490A /* ScoreView.swift */ = {isa = PBXFileReference; lastKnownFileType = sourcecode.swift; path = ScoreView.swift; sourceTree = "<group>"; };
		6CA7A6552BA72D8C00D5490A /* Roboto-Regular.ttf */ = {isa = PBXFileReference; lastKnownFileType = file; path = "Roboto-Regular.ttf"; sourceTree = "<group>"; };
		6CA7A6562BA72D8C00D5490A /* RobotoCondensed-Regular.ttf */ = {isa = PBXFileReference; lastKnownFileType = file; path = "RobotoCondensed-Regular.ttf"; sourceTree = "<group>"; };
		6CA7A6572BA72D8C00D5490A /* Roboto-Bold.ttf */ = {isa = PBXFileReference; lastKnownFileType = file; path = "Roboto-Bold.ttf"; sourceTree = "<group>"; };
		6CC214EA2BAB383B005CEFF6 /* UIKit+Extensions.swift */ = {isa = PBXFileReference; lastKnownFileType = sourcecode.swift; path = "UIKit+Extensions.swift"; sourceTree = "<group>"; };
		6CC214EC2BAB3B05005CEFF6 /* MatchStatus.swift */ = {isa = PBXFileReference; lastKnownFileType = sourcecode.swift; path = MatchStatus.swift; sourceTree = "<group>"; };
		6CC214EE2BAB5170005CEFF6 /* DateFormatter+Extensions.swift */ = {isa = PBXFileReference; lastKnownFileType = sourcecode.swift; path = "DateFormatter+Extensions.swift"; sourceTree = "<group>"; };
		6CC44C7C2BB1819A00EEB5EF /* EventsViewController.swift */ = {isa = PBXFileReference; lastKnownFileType = sourcecode.swift; path = EventsViewController.swift; sourceTree = "<group>"; };
		6CC44C7E2BB1844E00EEB5EF /* EventCell.swift */ = {isa = PBXFileReference; lastKnownFileType = sourcecode.swift; path = EventCell.swift; sourceTree = "<group>"; };
/* End PBXFileReference section */

/* Begin PBXFrameworksBuildPhase section */
		6C413D862B9744AA00101B18 /* Frameworks */ = {
			isa = PBXFrameworksBuildPhase;
			buildActionMask = 2147483647;
			files = (
				6C82FCEE2BA3B6A0009A0927 /* SnapKit in Frameworks */,
				6C82FCF32BA3B713009A0927 /* SofaAcademic in Frameworks */,
				6C82FCF02BA3B6A0009A0927 /* SnapKit-Dynamic in Frameworks */,
			);
			runOnlyForDeploymentPostprocessing = 0;
		};
/* End PBXFrameworksBuildPhase section */

/* Begin PBXGroup section */
		6C413D802B9744AA00101B18 = {
			isa = PBXGroup;
			children = (
				6C413D8B2B9744AA00101B18 /* SofascoreProject */,
				6C413D8A2B9744AA00101B18 /* Products */,
			);
			sourceTree = "<group>";
		};
		6C413D8A2B9744AA00101B18 /* Products */ = {
			isa = PBXGroup;
			children = (
				6C413D892B9744AA00101B18 /* SofascoreProject.app */,
			);
			name = Products;
			sourceTree = "<group>";
		};
		6C413D8B2B9744AA00101B18 /* SofascoreProject */ = {
			isa = PBXGroup;
			children = (
				6CA7A6512BA72D2000D5490A /* fonts */,
				6C82FCF52BA3B9F1009A0927 /* View */,
				6C82FCF42BA3B9E1009A0927 /* Controller */,
				6C8FF9722BA09FB200BA0F4A /* Data */,
				6C413D8C2B9744AA00101B18 /* AppDelegate.swift */,
				6C413D952B9744AC00101B18 /* Assets.xcassets */,
				6C413D9A2B9744AC00101B18 /* Info.plist */,
				6CC214EA2BAB383B005CEFF6 /* UIKit+Extensions.swift */,
				6CC214EE2BAB5170005CEFF6 /* DateFormatter+Extensions.swift */,
			);
			path = SofascoreProject;
			sourceTree = "<group>";
		};
		6C82FCF42BA3B9E1009A0927 /* Controller */ = {
			isa = PBXGroup;
			children = (
				6C413D902B9744AB00101B18 /* ViewController.swift */,
				6CC44C7C2BB1819A00EEB5EF /* EventsViewController.swift */,
			);
			path = Controller;
			sourceTree = "<group>";
		};
		6C82FCF52BA3B9F1009A0927 /* View */ = {
			isa = PBXGroup;
			children = (
				6C82FCF62BA3BA48009A0927 /* LeagueView.swift */,
				6CA7A6492BA60EA900D5490A /* CountryAndNameHolderView.swift */,
				6CA7A64B2BA7023300D5490A /* MatchTimeView.swift */,
				6CA7A64D2BA708E700D5490A /* TeamView.swift */,
				6CA7A64F2BA717FF00D5490A /* ScoreView.swift */,
				6CC44C7E2BB1844E00EEB5EF /* EventCell.swift */,
			);
			path = View;
			sourceTree = "<group>";
		};
		6C8FF9722BA09FB200BA0F4A /* Data */ = {
			isa = PBXGroup;
			children = (
				6C8FF9732BA09FE400BA0F4A /* Team.swift */,
				6C8FF9752BA0A0E300BA0F4A /* Match.swift */,
				6C8FF9772BA0A19C00BA0F4A /* Tournament.swift */,
				6C8FF9792BA0A22800BA0F4A /* Country.swift */,
				6CC214EC2BAB3B05005CEFF6 /* MatchStatus.swift */,
			);
			path = Data;
			sourceTree = "<group>";
		};
		6CA7A6512BA72D2000D5490A /* fonts */ = {
			isa = PBXGroup;
			children = (
				6CA7A6572BA72D8C00D5490A /* Roboto-Bold.ttf */,
				6CA7A6552BA72D8C00D5490A /* Roboto-Regular.ttf */,
				6CA7A6562BA72D8C00D5490A /* RobotoCondensed-Regular.ttf */,
			);
			path = fonts;
			sourceTree = "<group>";
		};
/* End PBXGroup section */

/* Begin PBXNativeTarget section */
		6C413D882B9744AA00101B18 /* SofascoreProject */ = {
			isa = PBXNativeTarget;
			buildConfigurationList = 6C413D9D2B9744AC00101B18 /* Build configuration list for PBXNativeTarget "SofascoreProject" */;
			buildPhases = (
				6C413D852B9744AA00101B18 /* Sources */,
				6C413D862B9744AA00101B18 /* Frameworks */,
				6C413D872B9744AA00101B18 /* Resources */,
			);
			buildRules = (
			);
			dependencies = (
			);
			name = SofascoreProject;
			packageProductDependencies = (
				6C82FCED2BA3B6A0009A0927 /* SnapKit */,
				6C82FCEF2BA3B6A0009A0927 /* SnapKit-Dynamic */,
				6C82FCF22BA3B713009A0927 /* SofaAcademic */,
			);
			productName = SofascoreProject;
			productReference = 6C413D892B9744AA00101B18 /* SofascoreProject.app */;
			productType = "com.apple.product-type.application";
		};
/* End PBXNativeTarget section */

/* Begin PBXProject section */
		6C413D812B9744AA00101B18 /* Project object */ = {
			isa = PBXProject;
			attributes = {
				BuildIndependentTargetsInParallel = 1;
				LastSwiftUpdateCheck = 1520;
				LastUpgradeCheck = 1520;
				TargetAttributes = {
					6C413D882B9744AA00101B18 = {
						CreatedOnToolsVersion = 15.2;
					};
				};
			};
			buildConfigurationList = 6C413D842B9744AA00101B18 /* Build configuration list for PBXProject "SofascoreProject" */;
			compatibilityVersion = "Xcode 14.0";
			developmentRegion = en;
			hasScannedForEncodings = 0;
			knownRegions = (
				en,
				Base,
			);
			mainGroup = 6C413D802B9744AA00101B18;
			packageReferences = (
				6C82FCEC2BA3B6A0009A0927 /* XCRemoteSwiftPackageReference "SnapKit" */,
				6C82FCF12BA3B713009A0927 /* XCRemoteSwiftPackageReference "academy" */,
			);
			productRefGroup = 6C413D8A2B9744AA00101B18 /* Products */;
			projectDirPath = "";
			projectRoot = "";
			targets = (
				6C413D882B9744AA00101B18 /* SofascoreProject */,
			);
		};
/* End PBXProject section */

/* Begin PBXResourcesBuildPhase section */
		6C413D872B9744AA00101B18 /* Resources */ = {
			isa = PBXResourcesBuildPhase;
			buildActionMask = 2147483647;
			files = (
				6CA7A6592BA72D8C00D5490A /* RobotoCondensed-Regular.ttf in Resources */,
				6CA7A6582BA72D8C00D5490A /* Roboto-Regular.ttf in Resources */,
				6CA7A65A2BA72D8C00D5490A /* Roboto-Bold.ttf in Resources */,
				6C413D962B9744AC00101B18 /* Assets.xcassets in Resources */,
			);
			runOnlyForDeploymentPostprocessing = 0;
		};
/* End PBXResourcesBuildPhase section */

/* Begin PBXSourcesBuildPhase section */
		6C413D852B9744AA00101B18 /* Sources */ = {
			isa = PBXSourcesBuildPhase;
			buildActionMask = 2147483647;
			files = (
				6CA7A64E2BA708E700D5490A /* TeamView.swift in Sources */,
				6C8FF97A2BA0A22800BA0F4A /* Country.swift in Sources */,
				6C8FF9782BA0A19C00BA0F4A /* Tournament.swift in Sources */,
				6CA7A64C2BA7023300D5490A /* MatchTimeView.swift in Sources */,
				6CA7A6502BA717FF00D5490A /* ScoreView.swift in Sources */,
				6CA7A64A2BA60EA900D5490A /* CountryAndNameHolderView.swift in Sources */,
				6CC214ED2BAB3B05005CEFF6 /* MatchStatus.swift in Sources */,
				6CC44C7F2BB1844E00EEB5EF /* EventCell.swift in Sources */,
				6C8FF9742BA09FE400BA0F4A /* Team.swift in Sources */,
				6C413D912B9744AB00101B18 /* ViewController.swift in Sources */,
				6C413D8D2B9744AA00101B18 /* AppDelegate.swift in Sources */,
				6CC214EF2BAB5170005CEFF6 /* DateFormatter+Extensions.swift in Sources */,
				6CC214EB2BAB383B005CEFF6 /* UIKit+Extensions.swift in Sources */,
				6C82FCF72BA3BA48009A0927 /* LeagueView.swift in Sources */,
				6C8FF9762BA0A0E300BA0F4A /* Match.swift in Sources */,
				6CC44C7D2BB1819A00EEB5EF /* EventsViewController.swift in Sources */,
			);
			runOnlyForDeploymentPostprocessing = 0;
		};
/* End PBXSourcesBuildPhase section */

/* Begin XCBuildConfiguration section */
		6C413D9B2B9744AC00101B18 /* Debug */ = {
			isa = XCBuildConfiguration;
			buildSettings = {
				ALWAYS_SEARCH_USER_PATHS = NO;
				ASSETCATALOG_COMPILER_GENERATE_SWIFT_ASSET_SYMBOL_EXTENSIONS = YES;
				CLANG_ANALYZER_NONNULL = YES;
				CLANG_ANALYZER_NUMBER_OBJECT_CONVERSION = YES_AGGRESSIVE;
				CLANG_CXX_LANGUAGE_STANDARD = "gnu++20";
				CLANG_ENABLE_MODULES = YES;
				CLANG_ENABLE_OBJC_ARC = YES;
				CLANG_ENABLE_OBJC_WEAK = YES;
				CLANG_WARN_BLOCK_CAPTURE_AUTORELEASING = YES;
				CLANG_WARN_BOOL_CONVERSION = YES;
				CLANG_WARN_COMMA = YES;
				CLANG_WARN_CONSTANT_CONVERSION = YES;
				CLANG_WARN_DEPRECATED_OBJC_IMPLEMENTATIONS = YES;
				CLANG_WARN_DIRECT_OBJC_ISA_USAGE = YES_ERROR;
				CLANG_WARN_DOCUMENTATION_COMMENTS = YES;
				CLANG_WARN_EMPTY_BODY = YES;
				CLANG_WARN_ENUM_CONVERSION = YES;
				CLANG_WARN_INFINITE_RECURSION = YES;
				CLANG_WARN_INT_CONVERSION = YES;
				CLANG_WARN_NON_LITERAL_NULL_CONVERSION = YES;
				CLANG_WARN_OBJC_IMPLICIT_RETAIN_SELF = YES;
				CLANG_WARN_OBJC_LITERAL_CONVERSION = YES;
				CLANG_WARN_OBJC_ROOT_CLASS = YES_ERROR;
				CLANG_WARN_QUOTED_INCLUDE_IN_FRAMEWORK_HEADER = YES;
				CLANG_WARN_RANGE_LOOP_ANALYSIS = YES;
				CLANG_WARN_STRICT_PROTOTYPES = YES;
				CLANG_WARN_SUSPICIOUS_MOVE = YES;
				CLANG_WARN_UNGUARDED_AVAILABILITY = YES_AGGRESSIVE;
				CLANG_WARN_UNREACHABLE_CODE = YES;
				CLANG_WARN__DUPLICATE_METHOD_MATCH = YES;
				COPY_PHASE_STRIP = NO;
				DEBUG_INFORMATION_FORMAT = dwarf;
				ENABLE_STRICT_OBJC_MSGSEND = YES;
				ENABLE_TESTABILITY = YES;
				ENABLE_USER_SCRIPT_SANDBOXING = YES;
				GCC_C_LANGUAGE_STANDARD = gnu17;
				GCC_DYNAMIC_NO_PIC = NO;
				GCC_NO_COMMON_BLOCKS = YES;
				GCC_OPTIMIZATION_LEVEL = 0;
				GCC_PREPROCESSOR_DEFINITIONS = (
					"DEBUG=1",
					"$(inherited)",
				);
				GCC_WARN_64_TO_32_BIT_CONVERSION = YES;
				GCC_WARN_ABOUT_RETURN_TYPE = YES_ERROR;
				GCC_WARN_UNDECLARED_SELECTOR = YES;
				GCC_WARN_UNINITIALIZED_AUTOS = YES_AGGRESSIVE;
				GCC_WARN_UNUSED_FUNCTION = YES;
				GCC_WARN_UNUSED_VARIABLE = YES;
				IPHONEOS_DEPLOYMENT_TARGET = 17.2;
				LOCALIZATION_PREFERS_STRING_CATALOGS = YES;
				MTL_ENABLE_DEBUG_INFO = INCLUDE_SOURCE;
				MTL_FAST_MATH = YES;
				ONLY_ACTIVE_ARCH = YES;
				SDKROOT = iphoneos;
				SWIFT_ACTIVE_COMPILATION_CONDITIONS = "DEBUG $(inherited)";
				SWIFT_OPTIMIZATION_LEVEL = "-Onone";
			};
			name = Debug;
		};
		6C413D9C2B9744AC00101B18 /* Release */ = {
			isa = XCBuildConfiguration;
			buildSettings = {
				ALWAYS_SEARCH_USER_PATHS = NO;
				ASSETCATALOG_COMPILER_GENERATE_SWIFT_ASSET_SYMBOL_EXTENSIONS = YES;
				CLANG_ANALYZER_NONNULL = YES;
				CLANG_ANALYZER_NUMBER_OBJECT_CONVERSION = YES_AGGRESSIVE;
				CLANG_CXX_LANGUAGE_STANDARD = "gnu++20";
				CLANG_ENABLE_MODULES = YES;
				CLANG_ENABLE_OBJC_ARC = YES;
				CLANG_ENABLE_OBJC_WEAK = YES;
				CLANG_WARN_BLOCK_CAPTURE_AUTORELEASING = YES;
				CLANG_WARN_BOOL_CONVERSION = YES;
				CLANG_WARN_COMMA = YES;
				CLANG_WARN_CONSTANT_CONVERSION = YES;
				CLANG_WARN_DEPRECATED_OBJC_IMPLEMENTATIONS = YES;
				CLANG_WARN_DIRECT_OBJC_ISA_USAGE = YES_ERROR;
				CLANG_WARN_DOCUMENTATION_COMMENTS = YES;
				CLANG_WARN_EMPTY_BODY = YES;
				CLANG_WARN_ENUM_CONVERSION = YES;
				CLANG_WARN_INFINITE_RECURSION = YES;
				CLANG_WARN_INT_CONVERSION = YES;
				CLANG_WARN_NON_LITERAL_NULL_CONVERSION = YES;
				CLANG_WARN_OBJC_IMPLICIT_RETAIN_SELF = YES;
				CLANG_WARN_OBJC_LITERAL_CONVERSION = YES;
				CLANG_WARN_OBJC_ROOT_CLASS = YES_ERROR;
				CLANG_WARN_QUOTED_INCLUDE_IN_FRAMEWORK_HEADER = YES;
				CLANG_WARN_RANGE_LOOP_ANALYSIS = YES;
				CLANG_WARN_STRICT_PROTOTYPES = YES;
				CLANG_WARN_SUSPICIOUS_MOVE = YES;
				CLANG_WARN_UNGUARDED_AVAILABILITY = YES_AGGRESSIVE;
				CLANG_WARN_UNREACHABLE_CODE = YES;
				CLANG_WARN__DUPLICATE_METHOD_MATCH = YES;
				COPY_PHASE_STRIP = NO;
				DEBUG_INFORMATION_FORMAT = "dwarf-with-dsym";
				ENABLE_NS_ASSERTIONS = NO;
				ENABLE_STRICT_OBJC_MSGSEND = YES;
				ENABLE_USER_SCRIPT_SANDBOXING = YES;
				GCC_C_LANGUAGE_STANDARD = gnu17;
				GCC_NO_COMMON_BLOCKS = YES;
				GCC_WARN_64_TO_32_BIT_CONVERSION = YES;
				GCC_WARN_ABOUT_RETURN_TYPE = YES_ERROR;
				GCC_WARN_UNDECLARED_SELECTOR = YES;
				GCC_WARN_UNINITIALIZED_AUTOS = YES_AGGRESSIVE;
				GCC_WARN_UNUSED_FUNCTION = YES;
				GCC_WARN_UNUSED_VARIABLE = YES;
				IPHONEOS_DEPLOYMENT_TARGET = 17.2;
				LOCALIZATION_PREFERS_STRING_CATALOGS = YES;
				MTL_ENABLE_DEBUG_INFO = NO;
				MTL_FAST_MATH = YES;
				SDKROOT = iphoneos;
				SWIFT_COMPILATION_MODE = wholemodule;
				VALIDATE_PRODUCT = YES;
			};
			name = Release;
		};
		6C413D9E2B9744AC00101B18 /* Debug */ = {
			isa = XCBuildConfiguration;
			buildSettings = {
				ASSETCATALOG_COMPILER_APPICON_NAME = AppIcon;
				ASSETCATALOG_COMPILER_GLOBAL_ACCENT_COLOR_NAME = AccentColor;
				CODE_SIGN_STYLE = Automatic;
				CURRENT_PROJECT_VERSION = 1;
				GENERATE_INFOPLIST_FILE = YES;
				INFOPLIST_FILE = SofascoreProject/Info.plist;
				INFOPLIST_KEY_UIApplicationSupportsIndirectInputEvents = YES;
				INFOPLIST_KEY_UILaunchStoryboardName = LaunchScreen;
				INFOPLIST_KEY_UIStatusBarStyle = "";
				INFOPLIST_KEY_UISupportedInterfaceOrientations_iPad = "UIInterfaceOrientationPortrait UIInterfaceOrientationPortraitUpsideDown UIInterfaceOrientationLandscapeLeft UIInterfaceOrientationLandscapeRight";
				INFOPLIST_KEY_UISupportedInterfaceOrientations_iPhone = "UIInterfaceOrientationPortrait UIInterfaceOrientationLandscapeLeft UIInterfaceOrientationLandscapeRight";
				IPHONEOS_DEPLOYMENT_TARGET = 17.0;
				LD_RUNPATH_SEARCH_PATHS = (
					"$(inherited)",
					"@executable_path/Frameworks",
				);
				MARKETING_VERSION = 1.0;
				PRODUCT_BUNDLE_IDENTIFIER = com.svenleko.SofascoreProject;
				PRODUCT_NAME = "$(TARGET_NAME)";
				SUPPORTED_PLATFORMS = "iphoneos iphonesimulator";
				SUPPORTS_MACCATALYST = NO;
				SUPPORTS_MAC_DESIGNED_FOR_IPHONE_IPAD = NO;
				SWIFT_EMIT_LOC_STRINGS = YES;
				SWIFT_VERSION = 5.0;
				TARGETED_DEVICE_FAMILY = "1,2";
			};
			name = Debug;
		};
		6C413D9F2B9744AC00101B18 /* Release */ = {
			isa = XCBuildConfiguration;
			buildSettings = {
				ASSETCATALOG_COMPILER_APPICON_NAME = AppIcon;
				ASSETCATALOG_COMPILER_GLOBAL_ACCENT_COLOR_NAME = AccentColor;
				CODE_SIGN_STYLE = Automatic;
				CURRENT_PROJECT_VERSION = 1;
				GENERATE_INFOPLIST_FILE = YES;
				INFOPLIST_FILE = SofascoreProject/Info.plist;
				INFOPLIST_KEY_UIApplicationSupportsIndirectInputEvents = YES;
				INFOPLIST_KEY_UILaunchStoryboardName = LaunchScreen;
				INFOPLIST_KEY_UIStatusBarStyle = "";
				INFOPLIST_KEY_UISupportedInterfaceOrientations_iPad = "UIInterfaceOrientationPortrait UIInterfaceOrientationPortraitUpsideDown UIInterfaceOrientationLandscapeLeft UIInterfaceOrientationLandscapeRight";
				INFOPLIST_KEY_UISupportedInterfaceOrientations_iPhone = "UIInterfaceOrientationPortrait UIInterfaceOrientationLandscapeLeft UIInterfaceOrientationLandscapeRight";
				IPHONEOS_DEPLOYMENT_TARGET = 17.0;
				LD_RUNPATH_SEARCH_PATHS = (
					"$(inherited)",
					"@executable_path/Frameworks",
				);
				MARKETING_VERSION = 1.0;
				PRODUCT_BUNDLE_IDENTIFIER = com.svenleko.SofascoreProject;
				PRODUCT_NAME = "$(TARGET_NAME)";
				SUPPORTED_PLATFORMS = "iphoneos iphonesimulator";
				SUPPORTS_MACCATALYST = NO;
				SUPPORTS_MAC_DESIGNED_FOR_IPHONE_IPAD = NO;
				SWIFT_EMIT_LOC_STRINGS = YES;
				SWIFT_VERSION = 5.0;
				TARGETED_DEVICE_FAMILY = "1,2";
			};
			name = Release;
		};
/* End XCBuildConfiguration section */

/* Begin XCConfigurationList section */
		6C413D842B9744AA00101B18 /* Build configuration list for PBXProject "SofascoreProject" */ = {
			isa = XCConfigurationList;
			buildConfigurations = (
				6C413D9B2B9744AC00101B18 /* Debug */,
				6C413D9C2B9744AC00101B18 /* Release */,
			);
			defaultConfigurationIsVisible = 0;
			defaultConfigurationName = Release;
		};
		6C413D9D2B9744AC00101B18 /* Build configuration list for PBXNativeTarget "SofascoreProject" */ = {
			isa = XCConfigurationList;
			buildConfigurations = (
				6C413D9E2B9744AC00101B18 /* Debug */,
				6C413D9F2B9744AC00101B18 /* Release */,
			);
			defaultConfigurationIsVisible = 0;
			defaultConfigurationName = Release;
		};
/* End XCConfigurationList section */

/* Begin XCRemoteSwiftPackageReference section */
		6C82FCEC2BA3B6A0009A0927 /* XCRemoteSwiftPackageReference "SnapKit" */ = {
			isa = XCRemoteSwiftPackageReference;
			repositoryURL = "https://github.com/SnapKit/SnapKit";
			requirement = {
				kind = upToNextMajorVersion;
				minimumVersion = 5.7.1;
			};
		};
		6C82FCF12BA3B713009A0927 /* XCRemoteSwiftPackageReference "academy" */ = {
			isa = XCRemoteSwiftPackageReference;
			repositoryURL = "https://github.com/sofascore/academy";
			requirement = {
				branch = master;
				kind = branch;
			};
		};
/* End XCRemoteSwiftPackageReference section */

/* Begin XCSwiftPackageProductDependency section */
		6C82FCED2BA3B6A0009A0927 /* SnapKit */ = {
			isa = XCSwiftPackageProductDependency;
			package = 6C82FCEC2BA3B6A0009A0927 /* XCRemoteSwiftPackageReference "SnapKit" */;
			productName = SnapKit;
		};
		6C82FCEF2BA3B6A0009A0927 /* SnapKit-Dynamic */ = {
			isa = XCSwiftPackageProductDependency;
			package = 6C82FCEC2BA3B6A0009A0927 /* XCRemoteSwiftPackageReference "SnapKit" */;
			productName = "SnapKit-Dynamic";
		};
		6C82FCF22BA3B713009A0927 /* SofaAcademic */ = {
			isa = XCSwiftPackageProductDependency;
			package = 6C82FCF12BA3B713009A0927 /* XCRemoteSwiftPackageReference "academy" */;
			productName = SofaAcademic;
		};
/* End XCSwiftPackageProductDependency section */
	};
	rootObject = 6C413D812B9744AA00101B18 /* Project object */;
}
